<?xml version="1.0" encoding="UTF-8" standalone="yes" ?>
<CodeBlocks_project_file>
	<FileVersion major="1" minor="6" />
	<Project>
		<Option title="First_attempt" />
		<Option pch_mode="2" />
		<Option compiler="gcc" />
		<Build>
			<Target title="Debug">
				<Option output="bin/Debug/First_attempt" prefix_auto="1" extension_auto="1" />
				<Option object_output="obj/Debug/" />
				<Option type="1" />
				<Option compiler="gcc" />
				<Compiler>
					<Add option="-g" />
					<Add directory="C:/Users/User/Desktop/Programowanie/Libaries/SFML/SFML-2.4.2/include" />
				</Compiler>
				<Linker>
					<Add library="sfml-network" />
					<Add library="sfml-audio" />
					<Add library="sfml-graphics" />
					<Add library="sfml-window" />
					<Add library="sfml-system" />
					<Add directory="C:/Users/User/Desktop/Programowanie/Libaries/SFML/SFML-2.4.2/lib" />
				</Linker>
			</Target>
			<Target title="Release">
				<Option output="bin/Release/First_attempt" prefix_auto="1" extension_auto="1" />
				<Option object_output="obj/Release/" />
				<Option type="1" />
				<Option compiler="gcc" />
				<Compiler>
					<Add option="-O2" />
				</Compiler>
				<Linker>
					<Add option="-s" />
				</Linker>
			</Target>
		</Build>
		<Compiler>
			<Add option="-Wall" />
			<Add option="-fexceptions" />
		</Compiler>
		<Unit filename="Background.cpp" />
		<Unit filename="Background.h" />
		<Unit filename="Enemy.cpp" />
		<Unit filename="Enemy.h" />
		<Unit filename="Enemy_handler.cpp" />
		<Unit filename="Enemy_handler.h" />
		<Unit filename="Explosion.cpp" />
		<Unit filename="Explosion.h" />
		<Unit filename="Functions.cpp" />
		<Unit filename="Functions.h" />
		<Unit filename="Game.cpp" />
		<Unit filename="Game.h" />
		<Unit filename="Inputs.cpp" />
		<Unit filename="Inputs.h" />
		<Unit filename="PBullet.cpp" />
		<Unit filename="PBullet.h" />
		<Unit filename="Panel.cpp" />
		<Unit filename="Panel.h" />
		<Unit filename="Player.cpp" />
		<Unit filename="Player.h" />
		<Unit filename="Upgrades.cpp" />
		<Unit filename="Upgrades.h" />
		<Unit filename="main.cpp" />
		<Extensions>
			<code_completion />
			<envvars />
			<debugger />
		</Extensions>
	</Project>
</CodeBlocks_project_file>
